{
  "name": "@agent-dev/spike-workflow-resume",
  "lockfileVersion": 3,
  "requires": true,
  "packages": {
    "": {
      "name": "@agent-dev/spike-workflow-resume",
      "dependencies": {
        "xstate": "^5.0.0"
      }
    },
    "node_modules/xstate": {
      "version": "5.32.5",
      "resolved": "https://registry.npmjs.org/xstate/-/xstate-5.32.5.tgz",
      "integrity": "sha512-ULazi1oe6wGrXl0Frb6otSlkm5HLifbbVTkMk5kkSKqz4TkxJaVpnl6jOJwKeid3ORPxYyZQgNLUSYX9q65SIA==",
      "license": "MIT",
      "funding": {
        "type": "opencollective",
        "url": "https://opencollective.com/xstate"
      }
    }
  }
}
